dependencies:
  idf:
    source:
      type: idf
    version: 6.0.0
  lvgl/lvgl:
    dependencies: []
    source:
      path: /home/vuhamthieu/Projects/Embedded/health_monitor/components/lvgl__lvgl
      type: local
    version: 8.3.11
direct_dependencies:
- idf
- lvgl/lvgl
manifest_hash: 6115f84725e9f05c9f8bd96d2b71dc7d7aa32ece0dfe04c51b060bfe4c8b876c
target: esp32
version: 2.0.0
