dependencies:
  idf:
    source:
      type: idf
    version: 6.0.0
  lvgl/lvgl:
    dependencies: []
    source:
      path: /home/vuhamthieu/Projects/Embedded/health_monitor/components/lvgl__lvgl
      type: local
    version: 8.3.11
direct_dependencies:
- lvgl/lvgl
manifest_hash: e8b303e85be99bd8c7d9d821393672646a0af77e20c9aaf6251f2f672e4c9220
target: esp32
version: 2.0.0
